// !$*UTF8*$!
{
	archiveVersion = 1;
	classes = {
	};
	objectVersion = 46;
	objects = {

/* Begin PBXBuildFile section */
		ED999C491F4C1DB7004C018E /* AppDelegate.swift in Sources */ = {isa = PBXBuildFile; fileRef = ED999C481F4C1DB7004C018E /* AppDelegate.swift */; };
		ED999C4B1F4C1DB7004C018E /* ViewController.swift in Sources */ = {isa = PBXBuildFile; fileRef = ED999C4A1F4C1DB7004C018E /* ViewController.swift */; };
		ED999C4E1F4C1DB7004C018E /* Main.storyboard in Resources */ = {isa = PBXBuildFile; fileRef = ED999C4C1F4C1DB7004C018E /* Main.storyboard */; };
		ED999C501F4C1DB7004C018E /* Assets.xcassets in Resources */ = {isa = PBXBuildFile; fileRef = ED999C4F1F4C1DB7004C018E /* Assets.xcassets */; };
		ED999C531F4C1DB7004C018E /* LaunchScreen.storyboard in Resources */ = {isa = PBXBuildFile; fileRef = ED999C511F4C1DB7004C018E /* LaunchScreen.storyboard */; };
		ED999C5B1F4C1DDD004C018E /* Money.swift in Sources */ = {isa = PBXBuildFile; fileRef = ED999C5A1F4C1DDD004C018E /* Money.swift */; };
/* End PBXBuildFile section */

/* Begin PBXFileReference section */
		ED999C451F4C1DB7004C018E /* CurrencyConverterTask.app */ = {isa = PBXFileReference; explicitFileType = wrapper.application; includeInIndex = 0; path = CurrencyConverterTask.app; sourceTree = BUILT_PRODUCTS_DIR; };
		ED999C481F4C1DB7004C018E /* AppDelegate.swift */ = {isa = PBXFileReference; lastKnownFileType = sourcecode.swift; path = AppDelegate.swift; sourceTree = "<group>"; };
		ED999C4A1F4C1DB7004C018E /* ViewController.swift */ = {isa = PBXFileReference; lastKnownFileType = sourcecode.swift; path = ViewController.swift; sourceTree = "<group>"; };
		ED999C4D1F4C1DB7004C018E /* Base */ = {isa = PBXFileReference; lastKnownFileType = file.storyboard; name = Base; path = Base.lproj/Main.storyboard; sourceTree = "<group>"; };
		ED999C4F1F4C1DB7004C018E /* Assets.xcassets */ = {isa = PBXFileReference; lastKnownFileType = folder.assetcatalog; path = Assets.xcassets; sourceTree = "<group>"; };
		ED999C521F4C1DB7004C018E /* Base */ = {isa = PBXFileReference; lastKnownFileType = file.storyboard; name = Base; path = Base.lproj/LaunchScreen.storyboard; sourceTree = "<group>"; };
		ED999C541F4C1DB7004C018E /* Info.plist */ = {isa = PBXFileReference; lastKnownFileType = text.plist.xml; path = Info.plist; sourceTree = "<group>"; };
		ED999C5A1F4C1DDD004C018E /* Money.swift */ = {isa = PBXFileReference; fileEncoding = 4; lastKnownFileType = sourcecode.swift; name = Money.swift; path = Entities/Money.swift; sourceTree = "<group>"; };
/* End PBXFileReference section */

/* Begin PBXFrameworksBuildPhase section */
		ED999C421F4C1DB7004C018E /* Frameworks */ = {
			isa = PBXFrameworksBuildPhase;
			buildActionMask = 2147483647;
			files = (
			);
			runOnlyForDeploymentPostprocessing = 0;
		};
/* End PBXFrameworksBuildPhase section */

/* Begin PBXGroup section */
		ED999C3C1F4C1DB7004C018E = {
			isa = PBXGroup;
			children = (
				ED999C471F4C1DB7004C018E /* CurrencyConverterTask */,
				ED999C461F4C1DB7004C018E /* Products */,
			);
			sourceTree = "<group>";
		};
		ED999C461F4C1DB7004C018E /* Products */ = {
			isa = PBXGroup;
			children = (
				ED999C451F4C1DB7004C018E /* CurrencyConverterTask.app */,
			);
			name = Products;
			sourceTree = "<group>";
		};
		ED999C471F4C1DB7004C018E /* CurrencyConverterTask */ = {
			isa = PBXGroup;
			children = (
				ED999C5C1F4C1DE3004C018E /* Entities */,
				ED999C481F4C1DB7004C018E /* AppDelegate.swift */,
				ED999C4A1F4C1DB7004C018E /* ViewController.swift */,
				ED999C4C1F4C1DB7004C018E /* Main.storyboard */,
				ED999C4F1F4C1DB7004C018E /* Assets.xcassets */,
				ED999C511F4C1DB7004C018E /* LaunchScreen.storyboard */,
				ED999C541F4C1DB7004C018E /* Info.plist */,
			);
			path = CurrencyConverterTask;
			sourceTree = "<group>";
		};
		ED999C5C1F4C1DE3004C018E /* Entities */ = {
			isa = PBXGroup;
			children = (
				ED999C5A1F4C1DDD004C018E /* Money.swift */,
			);
			name = Entities;
			sourceTree = "<group>";
		};
/* End PBXGroup section */

/* Begin PBXNativeTarget section */
		ED999C441F4C1DB7004C018E /* CurrencyConverterTask */ = {
			isa = PBXNativeTarget;
			buildConfigurationList = ED999C571F4C1DB7004C018E /* Build configuration list for PBXNativeTarget "CurrencyConverterTask" */;
			buildPhases = (
				ED999C411F4C1DB7004C018E /* Sources */,
				ED999C421F4C1DB7004C018E /* Frameworks */,
				ED999C431F4C1DB7004C018E /* Resources */,
			);
			buildRules = (
			);
			dependencies = (
			);
			name = CurrencyConverterTask;
			productName = CurrencyConverterTask;
			productReference = ED999C451F4C1DB7004C018E /* CurrencyConverterTask.app */;
			productType = "com.apple.product-type.application";
		};
/* End PBXNativeTarget section */

/* Begin PBXProject section */
		ED999C3D1F4C1DB7004C018E /* Project object */ = {
			isa = PBXProject;
			attributes = {
				LastSwiftUpdateCheck = 0830;
				LastUpgradeCheck = 0830;
				ORGANIZATIONNAME = "Vytautas Gimbutas";
				TargetAttributes = {
					ED999C441F4C1DB7004C018E = {
						CreatedOnToolsVersion = 8.3.3;
						DevelopmentTeam = 6YAQCX388J;
						ProvisioningStyle = Automatic;
					};
				};
			};
			buildConfigurationList = ED999C401F4C1DB7004C018E /* Build configuration list for PBXProject "CurrencyConverterTask" */;
			compatibilityVersion = "Xcode 3.2";
			developmentRegion = English;
			hasScannedForEncodings = 0;
			knownRegions = (
				en,
				Base,
			);
			mainGroup = ED999C3C1F4C1DB7004C018E;
			productRefGroup = ED999C461F4C1DB7004C018E /* Products */;
			projectDirPath = "";
			projectRoot = "";
			targets = (
				ED999C441F4C1DB7004C018E /* CurrencyConverterTask */,
			);
		};
/* End PBXProject section */

/* Begin PBXResourcesBuildPhase section */
		ED999C431F4C1DB7004C018E /* Resources */ = {
			isa = PBXResourcesBuildPhase;
			buildActionMask = 2147483647;
			files = (
				ED999C531F4C1DB7004C018E /* LaunchScreen.storyboard in Resources */,
				ED999C501F4C1DB7004C018E /* Assets.xcassets in Resources */,
				ED999C4E1F4C1DB7004C018E /* Main.storyboard in Resources */,
			);
			runOnlyForDeploymentPostprocessing = 0;
		};
/* End PBXResourcesBuildPhase section */

/* Begin PBXSourcesBuildPhase section */
		ED999C411F4C1DB7004C018E /* Sources */ = {
			isa = PBXSourcesBuildPhase;
			buildActionMask = 2147483647;
			files = (
				ED999C5B1F4C1DDD004C018E /* Money.swift in Sources */,
				ED999C4B1F4C1DB7004C018E /* ViewController.swift in Sources */,
				ED999C491F4C1DB7004C018E /* AppDelegate.swift in Sources */,
			);
			runOnlyForDeploymentPostprocessing = 0;
		};
/* End PBXSourcesBuildPhase section */

/* Begin PBXVariantGroup section */
		ED999C4C1F4C1DB7004C018E /* Main.storyboard */ = {
			isa = PBXVariantGroup;
			children = (
				ED999C4D1F4C1DB7004C018E /* Base */,
			);
			name = Main.storyboard;
			sourceTree = "<group>";
		};
		ED999C511F4C1DB7004C018E /* LaunchScreen.storyboard */ = {
			isa = PBXVariantGroup;
			children = (
				ED999C521F4C1DB7004C018E /* Base */,
			);
			name = LaunchScreen.storyboard;
			sourceTree = "<group>";
		};
/* End PBXVariantGroup section */

/* Begin XCBuildConfiguration section */
		ED999C551F4C1DB7004C018E /* Debug */ = {
			isa = XCBuildConfiguration;
			buildSettings = {
				ALWAYS_SEARCH_USER_PATHS = NO;
				CLANG_ANALYZER_NONNULL = YES;
				CLANG_ANALYZER_NUMBER_OBJECT_CONVERSION = YES_AGGRESSIVE;
				CLANG_CXX_LANGUAGE_STANDARD = "gnu++0x";
				CLANG_CXX_LIBRARY = "libc++";
				CLANG_ENABLE_MODULES = YES;
				CLANG_ENABLE_OBJC_ARC = YES;
				CLANG_WARN_BOOL_CONVERSION = YES;
				CLANG_WARN_CONSTANT_CONVERSION = YES;
				CLANG_WARN_DIRECT_OBJC_ISA_USAGE = YES_ERROR;
				CLANG_WARN_DOCUMENTATION_COMMENTS = YES;
				CLANG_WARN_EMPTY_BODY = YES;
				CLANG_WARN_ENUM_CONVERSION = YES;
				CLANG_WARN_INFINITE_RECURSION = YES;
				CLANG_WARN_INT_CONVERSION = YES;
				CLANG_WARN_OBJC_ROOT_CLASS = YES_ERROR;
				CLANG_WARN_SUSPICIOUS_MOVE = YES;
				CLANG_WARN_UNREACHABLE_CODE = YES;
				CLANG_WARN__DUPLICATE_METHOD_MATCH = YES;
				"CODE_SIGN_IDENTITY[sdk=iphoneos*]" = "iPhone Developer";
				COPY_PHASE_STRIP = NO;
				DEBUG_INFORMATION_FORMAT = dwarf;
				ENABLE_STRICT_OBJC_MSGSEND = YES;
				ENABLE_TESTABILITY = YES;
				GCC_C_LANGUAGE_STANDARD = gnu99;
				GCC_DYNAMIC_NO_PIC = NO;
				GCC_NO_COMMON_BLOCKS = YES;
				GCC_OPTIMIZATION_LEVEL = 0;
				GCC_PREPROCESSOR_DEFINITIONS = (
					"DEBUG=1",
					"$(inherited)",
				);
				GCC_WARN_64_TO_32_BIT_CONVERSION = YES;
				GCC_WARN_ABOUT_RETURN_TYPE = YES_ERROR;
				GCC_WARN_UNDECLARED_SELECTOR = YES;
				GCC_WARN_UNINITIALIZED_AUTOS = YES_AGGRESSIVE;
				GCC_WARN_UNUSED_FUNCTION = YES;
				GCC_WARN_UNUSED_VARIABLE = YES;
				IPHONEOS_DEPLOYMENT_TARGET = 10.3;
				MTL_ENABLE_DEBUG_INFO = YES;
				ONLY_ACTIVE_ARCH = YES;
				SDKROOT = iphoneos;
				SWIFT_ACTIVE_COMPILATION_CONDITIONS = DEBUG;
				SWIFT_OPTIMIZATION_LEVEL = "-Onone";
				TARGETED_DEVICE_FAMILY = "1,2";
			};
			name = Debug;
		};
		ED999C561F4C1DB7004C018E /* Release */ = {
			isa = XCBuildConfiguration;
			buildSettings = {
				ALWAYS_SEARCH_USER_PATHS = NO;
				CLANG_ANALYZER_NONNULL = YES;
				CLANG_ANALYZER_NUMBER_OBJECT_CONVERSION = YES_AGGRESSIVE;
				CLANG_CXX_LANGUAGE_STANDARD = "gnu++0x";
				CLANG_CXX_LIBRARY = "libc++";
				CLANG_ENABLE_MODULES = YES;
				CLANG_ENABLE_OBJC_ARC = YES;
				CLANG_WARN_BOOL_CONVERSION = YES;
				CLANG_WARN_CONSTANT_CONVERSION = YES;
				CLANG_WARN_DIRECT_OBJC_ISA_USAGE = YES_ERROR;
				CLANG_WARN_DOCUMENTATION_COMMENTS = YES;
				CLANG_WARN_EMPTY_BODY = YES;
				CLANG_WARN_ENUM_CONVERSION = YES;
				CLANG_WARN_INFINITE_RECURSION = YES;
				CLANG_WARN_INT_CONVERSION = YES;
				CLANG_WARN_OBJC_ROOT_CLASS = YES_ERROR;
				CLANG_WARN_SUSPICIOUS_MOVE = YES;
				CLANG_WARN_UNREACHABLE_CODE = YES;
				CLANG_WARN__DUPLICATE_METHOD_MATCH = YES;
				"CODE_SIGN_IDENTITY[sdk=iphoneos*]" = "iPhone Developer";
				COPY_PHASE_STRIP = NO;
				DEBUG_INFORMATION_FORMAT = "dwarf-with-dsym";
				ENABLE_NS_ASSERTIONS = NO;
				ENABLE_STRICT_OBJC_MSGSEND = YES;
				GCC_C_LANGUAGE_STANDARD = gnu99;
				GCC_NO_COMMON_BLOCKS = YES;
				GCC_WARN_64_TO_32_BIT_CONVERSION = YES;
				GCC_WARN_ABOUT_RETURN_TYPE = YES_ERROR;
				GCC_WARN_UNDECLARED_SELECTOR = YES;
				GCC_WARN_UNINITIALIZED_AUTOS = YES_AGGRESSIVE;
				GCC_WARN_UNUSED_FUNCTION = YES;
				GCC_WARN_UNUSED_VARIABLE = YES;
				IPHONEOS_DEPLOYMENT_TARGET = 10.3;
				MTL_ENABLE_DEBUG_INFO = NO;
				SDKROOT = iphoneos;
				SWIFT_OPTIMIZATION_LEVEL = "-Owholemodule";
				TARGETED_DEVICE_FAMILY = "1,2";
				VALIDATE_PRODUCT = YES;
			};
			name = Release;
		};
		ED999C581F4C1DB7004C018E /* Debug */ = {
			isa = XCBuildConfiguration;
			buildSettings = {
				ASSETCATALOG_COMPILER_APPICON_NAME = AppIcon;
				DEVELOPMENT_TEAM = 6YAQCX388J;
				INFOPLIST_FILE = CurrencyConverterTask/Info.plist;
				LD_RUNPATH_SEARCH_PATHS = "$(inherited) @executable_path/Frameworks";
				PRODUCT_BUNDLE_IDENTIFIER = com.paysera.CurrencyConverterTask;
				PRODUCT_NAME = "$(TARGET_NAME)";
				SWIFT_VERSION = 3.0;
			};
			name = Debug;
		};
		ED999C591F4C1DB7004C018E /* Release */ = {
			isa = XCBuildConfiguration;
			buildSettings = {
				ASSETCATALOG_COMPILER_APPICON_NAME = AppIcon;
				DEVELOPMENT_TEAM = 6YAQCX388J;
				INFOPLIST_FILE = CurrencyConverterTask/Info.plist;
				LD_RUNPATH_SEARCH_PATHS = "$(inherited) @executable_path/Frameworks";
				PRODUCT_BUNDLE_IDENTIFIER = com.paysera.CurrencyConverterTask;
				PRODUCT_NAME = "$(TARGET_NAME)";
				SWIFT_VERSION = 3.0;
			};
			name = Release;
		};
/* End XCBuildConfiguration section */

/* Begin XCConfigurationList section */
		ED999C401F4C1DB7004C018E /* Build configuration list for PBXProject "CurrencyConverterTask" */ = {
			isa = XCConfigurationList;
			buildConfigurations = (
				ED999C551F4C1DB7004C018E /* Debug */,
				ED999C561F4C1DB7004C018E /* Release */,
			);
			defaultConfigurationIsVisible = 0;
			defaultConfigurationName = Release;
		};
		ED999C571F4C1DB7004C018E /* Build configuration list for PBXNativeTarget "CurrencyConverterTask" */ = {
			isa = XCConfigurationList;
			buildConfigurations = (
				ED999C581F4C1DB7004C018E /* Debug */,
				ED999C591F4C1DB7004C018E /* Release */,
			);
			defaultConfigurationIsVisible = 0;
		};
/* End XCConfigurationList section */
	};
	rootObject = ED999C3D1F4C1DB7004C018E /* Project object */;
}
